// !$*UTF8*$!
{
	archiveVersion = 1;
	classes = {
	};
	objectVersion = 51;
	objects = {

/* Begin PBXBuildFile section */
		8538766823A40DB500CBC14E /* DataManager.swift in Sources */ = {isa = PBXBuildFile; fileRef = 8538766723A40DB500CBC14E /* DataManager.swift */; };
		854E828E23AEA90900E8EB2B /* Animation.swift in Sources */ = {isa = PBXBuildFile; fileRef = 854E828D23AEA90900E8EB2B /* Animation.swift */; };
		85B66B7823A3FE2600A7AF40 /* AppDelegate.swift in Sources */ = {isa = PBXBuildFile; fileRef = 85B66B7723A3FE2600A7AF40 /* AppDelegate.swift */; };
		85B66B7A23A3FE2600A7AF40 /* SceneDelegate.swift in Sources */ = {isa = PBXBuildFile; fileRef = 85B66B7923A3FE2600A7AF40 /* SceneDelegate.swift */; };
		85B66B7C23A3FE2600A7AF40 /* AnimationViewController.swift in Sources */ = {isa = PBXBuildFile; fileRef = 85B66B7B23A3FE2600A7AF40 /* AnimationViewController.swift */; };
		85B66B7F23A3FE2600A7AF40 /* Main.storyboard in Resources */ = {isa = PBXBuildFile; fileRef = 85B66B7D23A3FE2600A7AF40 /* Main.storyboard */; };
		85B66B8123A3FE2700A7AF40 /* Assets.xcassets in Resources */ = {isa = PBXBuildFile; fileRef = 85B66B8023A3FE2700A7AF40 /* Assets.xcassets */; };
		85B66B8423A3FE2700A7AF40 /* LaunchScreen.storyboard in Resources */ = {isa = PBXBuildFile; fileRef = 85B66B8223A3FE2700A7AF40 /* LaunchScreen.storyboard */; };
		C48EA794F61561EEA2302AC9 /* Pods_AnimationView.framework in Frameworks */ = {isa = PBXBuildFile; fileRef = 282541B344FF1736441F0A08 /* Pods_AnimationView.framework */; };
/* End PBXBuildFile section */

/* Begin PBXFileReference section */
		282541B344FF1736441F0A08 /* Pods_AnimationView.framework */ = {isa = PBXFileReference; explicitFileType = wrapper.framework; includeInIndex = 0; path = Pods_AnimationView.framework; sourceTree = BUILT_PRODUCTS_DIR; };
		2AEC0A00B8E3E976296F650C /* Pods-AnimationView.release.xcconfig */ = {isa = PBXFileReference; includeInIndex = 1; lastKnownFileType = text.xcconfig; name = "Pods-AnimationView.release.xcconfig"; path = "Target Support Files/Pods-AnimationView/Pods-AnimationView.release.xcconfig"; sourceTree = "<group>"; };
		308D21D47F20C008BD57E075 /* Pods-AnimationView.debug.xcconfig */ = {isa = PBXFileReference; includeInIndex = 1; lastKnownFileType = text.xcconfig; name = "Pods-AnimationView.debug.xcconfig"; path = "Target Support Files/Pods-AnimationView/Pods-AnimationView.debug.xcconfig"; sourceTree = "<group>"; };
		8538766723A40DB500CBC14E /* DataManager.swift */ = {isa = PBXFileReference; lastKnownFileType = sourcecode.swift; path = DataManager.swift; sourceTree = "<group>"; };
		854E828D23AEA90900E8EB2B /* Animation.swift */ = {isa = PBXFileReference; lastKnownFileType = sourcecode.swift; path = Animation.swift; sourceTree = "<group>"; };
		85B66B7423A3FE2600A7AF40 /* AnimationView.app */ = {isa = PBXFileReference; explicitFileType = wrapper.application; includeInIndex = 0; path = AnimationView.app; sourceTree = BUILT_PRODUCTS_DIR; };
		85B66B7723A3FE2600A7AF40 /* AppDelegate.swift */ = {isa = PBXFileReference; lastKnownFileType = sourcecode.swift; path = AppDelegate.swift; sourceTree = "<group>"; };
		85B66B7923A3FE2600A7AF40 /* SceneDelegate.swift */ = {isa = PBXFileReference; lastKnownFileType = sourcecode.swift; path = SceneDelegate.swift; sourceTree = "<group>"; };
		85B66B7B23A3FE2600A7AF40 /* AnimationViewController.swift */ = {isa = PBXFileReference; lastKnownFileType = sourcecode.swift; path = AnimationViewController.swift; sourceTree = "<group>"; };
		85B66B7E23A3FE2600A7AF40 /* Base */ = {isa = PBXFileReference; lastKnownFileType = file.storyboard; name = Base; path = Base.lproj/Main.storyboard; sourceTree = "<group>"; };
		85B66B8023A3FE2700A7AF40 /* Assets.xcassets */ = {isa = PBXFileReference; lastKnownFileType = folder.assetcatalog; path = Assets.xcassets; sourceTree = "<group>"; };
		85B66B8323A3FE2700A7AF40 /* Base */ = {isa = PBXFileReference; lastKnownFileType = file.storyboard; name = Base; path = Base.lproj/LaunchScreen.storyboard; sourceTree = "<group>"; };
		85B66B8523A3FE2700A7AF40 /* Info.plist */ = {isa = PBXFileReference; lastKnownFileType = text.plist.xml; path = Info.plist; sourceTree = "<group>"; };
/* End PBXFileReference section */

/* Begin PBXFrameworksBuildPhase section */
		85B66B7123A3FE2600A7AF40 /* Frameworks */ = {
			isa = PBXFrameworksBuildPhase;
			buildActionMask = 2147483647;
			files = (
				C48EA794F61561EEA2302AC9 /* Pods_AnimationView.framework in Frameworks */,
			);
			runOnlyForDeploymentPostprocessing = 0;
		};
/* End PBXFrameworksBuildPhase section */

/* Begin PBXGroup section */
		63ABEFD8334B3E150F6D247B /* Pods */ = {
			isa = PBXGroup;
			children = (
				308D21D47F20C008BD57E075 /* Pods-AnimationView.debug.xcconfig */,
				2AEC0A00B8E3E976296F650C /* Pods-AnimationView.release.xcconfig */,
			);
			path = Pods;
			sourceTree = "<group>";
		};
		854F9DDA23AD651900F3BFD0 /* Storyboard */ = {
			isa = PBXGroup;
			children = (
				85B66B7D23A3FE2600A7AF40 /* Main.storyboard */,
				85B66B8223A3FE2700A7AF40 /* LaunchScreen.storyboard */,
			);
			path = Storyboard;
			sourceTree = "<group>";
		};
		854F9DDB23AD654000F3BFD0 /* SupportingFiles */ = {
			isa = PBXGroup;
			children = (
				85B66B7723A3FE2600A7AF40 /* AppDelegate.swift */,
				85B66B7923A3FE2600A7AF40 /* SceneDelegate.swift */,
				85B66B8523A3FE2700A7AF40 /* Info.plist */,
			);
			path = SupportingFiles;
			sourceTree = "<group>";
		};
		854F9DDC23AD65B800F3BFD0 /* ViewController */ = {
			isa = PBXGroup;
			children = (
				85B66B7B23A3FE2600A7AF40 /* AnimationViewController.swift */,
			);
			path = ViewController;
			sourceTree = "<group>";
		};
		854F9DDD23AD65E900F3BFD0 /* FilesManager */ = {
			isa = PBXGroup;
			children = (
				8538766723A40DB500CBC14E /* DataManager.swift */,
				854E828D23AEA90900E8EB2B /* Animation.swift */,
			);
			path = FilesManager;
			sourceTree = "<group>";
		};
		854F9DDE23AD65FF00F3BFD0 /* Resourses */ = {
			isa = PBXGroup;
			children = (
				85B66B8023A3FE2700A7AF40 /* Assets.xcassets */,
			);
			path = Resourses;
			sourceTree = "<group>";
		};
		85B66B6B23A3FE2600A7AF40 = {
			isa = PBXGroup;
			children = (
				85B66B7623A3FE2600A7AF40 /* AnimationView */,
				85B66B7523A3FE2600A7AF40 /* Products */,
				63ABEFD8334B3E150F6D247B /* Pods */,
				C5DEF969364A07F3CA15C6B1 /* Frameworks */,
			);
			sourceTree = "<group>";
		};
		85B66B7523A3FE2600A7AF40 /* Products */ = {
			isa = PBXGroup;
			children = (
				85B66B7423A3FE2600A7AF40 /* AnimationView.app */,
			);
			name = Products;
			sourceTree = "<group>";
		};
		85B66B7623A3FE2600A7AF40 /* AnimationView */ = {
			isa = PBXGroup;
			children = (
				854F9DDB23AD654000F3BFD0 /* SupportingFiles */,
				854F9DDC23AD65B800F3BFD0 /* ViewController */,
				854F9DDD23AD65E900F3BFD0 /* FilesManager */,
				854F9DDA23AD651900F3BFD0 /* Storyboard */,
				854F9DDE23AD65FF00F3BFD0 /* Resourses */,
			);
			path = AnimationView;
			sourceTree = "<group>";
		};
		C5DEF969364A07F3CA15C6B1 /* Frameworks */ = {
			isa = PBXGroup;
			children = (
				282541B344FF1736441F0A08 /* Pods_AnimationView.framework */,
			);
			name = Frameworks;
			sourceTree = "<group>";
		};
/* End PBXGroup section */

/* Begin PBXNativeTarget section */
		85B66B7323A3FE2600A7AF40 /* AnimationView */ = {
			isa = PBXNativeTarget;
			buildConfigurationList = 85B66B8823A3FE2700A7AF40 /* Build configuration list for PBXNativeTarget "AnimationView" */;
			buildPhases = (
				62B82C77A6E3C95C3203C613 /* [CP] Check Pods Manifest.lock */,
				85B66B7023A3FE2600A7AF40 /* Sources */,
				85B66B7123A3FE2600A7AF40 /* Frameworks */,
				85B66B7223A3FE2600A7AF40 /* Resources */,
				6528C6A0685B2F6E9D5937DE /* [CP] Embed Pods Frameworks */,
			);
			buildRules = (
			);
			dependencies = (
			);
			name = AnimationView;
			productName = AnimationView;
			productReference = 85B66B7423A3FE2600A7AF40 /* AnimationView.app */;
			productType = "com.apple.product-type.application";
		};
/* End PBXNativeTarget section */

/* Begin PBXProject section */
		85B66B6C23A3FE2600A7AF40 /* Project object */ = {
			isa = PBXProject;
			attributes = {
				LastSwiftUpdateCheck = 1130;
				LastUpgradeCheck = 1130;
				ORGANIZATIONNAME = "Станислав";
				TargetAttributes = {
					85B66B7323A3FE2600A7AF40 = {
						CreatedOnToolsVersion = 11.3;
					};
				};
			};
			buildConfigurationList = 85B66B6F23A3FE2600A7AF40 /* Build configuration list for PBXProject "AnimationView" */;
			compatibilityVersion = "Xcode 9.3";
			developmentRegion = en;
			hasScannedForEncodings = 0;
			knownRegions = (
				en,
				Base,
			);
			mainGroup = 85B66B6B23A3FE2600A7AF40;
			productRefGroup = 85B66B7523A3FE2600A7AF40 /* Products */;
			projectDirPath = "";
			projectRoot = "";
			targets = (
				85B66B7323A3FE2600A7AF40 /* AnimationView */,
			);
		};
/* End PBXProject section */

/* Begin PBXResourcesBuildPhase section */
		85B66B7223A3FE2600A7AF40 /* Resources */ = {
			isa = PBXResourcesBuildPhase;
			buildActionMask = 2147483647;
			files = (
				85B66B8423A3FE2700A7AF40 /* LaunchScreen.storyboard in Resources */,
				85B66B8123A3FE2700A7AF40 /* Assets.xcassets in Resources */,
				85B66B7F23A3FE2600A7AF40 /* Main.storyboard in Resources */,
			);
			runOnlyForDeploymentPostprocessing = 0;
		};
/* End PBXResourcesBuildPhase section */

/* Begin PBXShellScriptBuildPhase section */
		62B82C77A6E3C95C3203C613 /* [CP] Check Pods Manifest.lock */ = {
			isa = PBXShellScriptBuildPhase;
			buildActionMask = 2147483647;
			files = (
			);
			inputFileListPaths = (
			);
			inputPaths = (
				"${PODS_PODFILE_DIR_PATH}/Podfile.lock",
				"${PODS_ROOT}/Manifest.lock",
			);
			name = "[CP] Check Pods Manifest.lock";
			outputFileListPaths = (
			);
			outputPaths = (
				"$(DERIVED_FILE_DIR)/Pods-AnimationView-checkManifestLockResult.txt",
			);
			runOnlyForDeploymentPostprocessing = 0;
			shellPath = /bin/sh;
			shellScript = "diff \"${PODS_PODFILE_DIR_PATH}/Podfile.lock\" \"${PODS_ROOT}/Manifest.lock\" > /dev/null\nif [ $? != 0 ] ; then\n    # print error to STDERR\n    echo \"error: The sandbox is not in sync with the Podfile.lock. Run 'pod install' or update your CocoaPods installation.\" >&2\n    exit 1\nfi\n# This output is used by Xcode 'outputs' to avoid re-running this script phase.\necho \"SUCCESS\" > \"${SCRIPT_OUTPUT_FILE_0}\"\n";
			showEnvVarsInLog = 0;
		};
		6528C6A0685B2F6E9D5937DE /* [CP] Embed Pods Frameworks */ = {
			isa = PBXShellScriptBuildPhase;
			buildActionMask = 2147483647;
			files = (
			);
			inputFileListPaths = (
				"${PODS_ROOT}/Target Support Files/Pods-AnimationView/Pods-AnimationView-frameworks-${CONFIGURATION}-input-files.xcfilelist",
			);
			name = "[CP] Embed Pods Frameworks";
			outputFileListPaths = (
				"${PODS_ROOT}/Target Support Files/Pods-AnimationView/Pods-AnimationView-frameworks-${CONFIGURATION}-output-files.xcfilelist",
			);
			runOnlyForDeploymentPostprocessing = 0;
			shellPath = /bin/sh;
			shellScript = "\"${PODS_ROOT}/Target Support Files/Pods-AnimationView/Pods-AnimationView-frameworks.sh\"\n";
			showEnvVarsInLog = 0;
		};
/* End PBXShellScriptBuildPhase section */

/* Begin PBXSourcesBuildPhase section */
		85B66B7023A3FE2600A7AF40 /* Sources */ = {
			isa = PBXSourcesBuildPhase;
			buildActionMask = 2147483647;
			files = (
				85B66B7C23A3FE2600A7AF40 /* AnimationViewController.swift in Sources */,
				8538766823A40DB500CBC14E /* DataManager.swift in Sources */,
				85B66B7823A3FE2600A7AF40 /* AppDelegate.swift in Sources */,
				854E828E23AEA90900E8EB2B /* Animation.swift in Sources */,
				85B66B7A23A3FE2600A7AF40 /* SceneDelegate.swift in Sources */,
			);
			runOnlyForDeploymentPostprocessing = 0;
		};
/* End PBXSourcesBuildPhase section */

/* Begin PBXVariantGroup section */
		85B66B7D23A3FE2600A7AF40 /* Main.storyboard */ = {
			isa = PBXVariantGroup;
			children = (
				85B66B7E23A3FE2600A7AF40 /* Base */,
			);
			name = Main.storyboard;
			sourceTree = "<group>";
		};
		85B66B8223A3FE2700A7AF40 /* LaunchScreen.storyboard */ = {
			isa = PBXVariantGroup;
			children = (
				85B66B8323A3FE2700A7AF40 /* Base */,
			);
			name = LaunchScreen.storyboard;
			sourceTree = "<group>";
		};
/* End PBXVariantGroup section */

/* Begin XCBuildConfiguration section */
		85B66B8623A3FE2700A7AF40 /* Debug */ = {
			isa = XCBuildConfiguration;
			buildSettings = {
				ALWAYS_SEARCH_USER_PATHS = NO;
				CLANG_ANALYZER_NONNULL = YES;
				CLANG_ANALYZER_NUMBER_OBJECT_CONVERSION = YES_AGGRESSIVE;
				CLANG_CXX_LANGUAGE_STANDARD = "gnu++14";
				CLANG_CXX_LIBRARY = "libc++";
				CLANG_ENABLE_MODULES = YES;
				CLANG_ENABLE_OBJC_ARC = YES;
				CLANG_ENABLE_OBJC_WEAK = YES;
				CLANG_WARN_BLOCK_CAPTURE_AUTORELEASING = YES;
				CLANG_WARN_BOOL_CONVERSION = YES;
				CLANG_WARN_COMMA = YES;
				CLANG_WARN_CONSTANT_CONVERSION = YES;
				CLANG_WARN_DEPRECATED_OBJC_IMPLEMENTATIONS = YES;
				CLANG_WARN_DIRECT_OBJC_ISA_USAGE = YES_ERROR;
				CLANG_WARN_DOCUMENTATION_COMMENTS = YES;
				CLANG_WARN_EMPTY_BODY = YES;
				CLANG_WARN_ENUM_CONVERSION = YES;
				CLANG_WARN_INFINITE_RECURSION = YES;
				CLANG_WARN_INT_CONVERSION = YES;
				CLANG_WARN_NON_LITERAL_NULL_CONVERSION = YES;
				CLANG_WARN_OBJC_IMPLICIT_RETAIN_SELF = YES;
				CLANG_WARN_OBJC_LITERAL_CONVERSION = YES;
				CLANG_WARN_OBJC_ROOT_CLASS = YES_ERROR;
				CLANG_WARN_RANGE_LOOP_ANALYSIS = YES;
				CLANG_WARN_STRICT_PROTOTYPES = YES;
				CLANG_WARN_SUSPICIOUS_MOVE = YES;
				CLANG_WARN_UNGUARDED_AVAILABILITY = YES_AGGRESSIVE;
				CLANG_WARN_UNREACHABLE_CODE = YES;
				CLANG_WARN__DUPLICATE_METHOD_MATCH = YES;
				COPY_PHASE_STRIP = NO;
				DEBUG_INFORMATION_FORMAT = dwarf;
				ENABLE_STRICT_OBJC_MSGSEND = YES;
				ENABLE_TESTABILITY = YES;
				GCC_C_LANGUAGE_STANDARD = gnu11;
				GCC_DYNAMIC_NO_PIC = NO;
				GCC_NO_COMMON_BLOCKS = YES;
				GCC_OPTIMIZATION_LEVEL = 0;
				GCC_PREPROCESSOR_DEFINITIONS = (
					"DEBUG=1",
					"$(inherited)",
				);
				GCC_WARN_64_TO_32_BIT_CONVERSION = YES;
				GCC_WARN_ABOUT_RETURN_TYPE = YES_ERROR;
				GCC_WARN_UNDECLARED_SELECTOR = YES;
				GCC_WARN_UNINITIALIZED_AUTOS = YES_AGGRESSIVE;
				GCC_WARN_UNUSED_FUNCTION = YES;
				GCC_WARN_UNUSED_VARIABLE = YES;
				IPHONEOS_DEPLOYMENT_TARGET = 13.2;
				MTL_ENABLE_DEBUG_INFO = INCLUDE_SOURCE;
				MTL_FAST_MATH = YES;
				ONLY_ACTIVE_ARCH = YES;
				SDKROOT = iphoneos;
				SWIFT_ACTIVE_COMPILATION_CONDITIONS = DEBUG;
				SWIFT_OPTIMIZATION_LEVEL = "-Onone";
			};
			name = Debug;
		};
		85B66B8723A3FE2700A7AF40 /* Release */ = {
			isa = XCBuildConfiguration;
			buildSettings = {
				ALWAYS_SEARCH_USER_PATHS = NO;
				CLANG_ANALYZER_NONNULL = YES;
				CLANG_ANALYZER_NUMBER_OBJECT_CONVERSION = YES_AGGRESSIVE;
				CLANG_CXX_LANGUAGE_STANDARD = "gnu++14";
				CLANG_CXX_LIBRARY = "libc++";
				CLANG_ENABLE_MODULES = YES;
				CLANG_ENABLE_OBJC_ARC = YES;
				CLANG_ENABLE_OBJC_WEAK = YES;
				CLANG_WARN_BLOCK_CAPTURE_AUTORELEASING = YES;
				CLANG_WARN_BOOL_CONVERSION = YES;
				CLANG_WARN_COMMA = YES;
				CLANG_WARN_CONSTANT_CONVERSION = YES;
				CLANG_WARN_DEPRECATED_OBJC_IMPLEMENTATIONS = YES;
				CLANG_WARN_DIRECT_OBJC_ISA_USAGE = YES_ERROR;
				CLANG_WARN_DOCUMENTATION_COMMENTS = YES;
				CLANG_WARN_EMPTY_BODY = YES;
				CLANG_WARN_ENUM_CONVERSION = YES;
				CLANG_WARN_INFINITE_RECURSION = YES;
				CLANG_WARN_INT_CONVERSION = YES;
				CLANG_WARN_NON_LITERAL_NULL_CONVERSION = YES;
				CLANG_WARN_OBJC_IMPLICIT_RETAIN_SELF = YES;
				CLANG_WARN_OBJC_LITERAL_CONVERSION = YES;
				CLANG_WARN_OBJC_ROOT_CLASS = YES_ERROR;
				CLANG_WARN_RANGE_LOOP_ANALYSIS = YES;
				CLANG_WARN_STRICT_PROTOTYPES = YES;
				CLANG_WARN_SUSPICIOUS_MOVE = YES;
				CLANG_WARN_UNGUARDED_AVAILABILITY = YES_AGGRESSIVE;
				CLANG_WARN_UNREACHABLE_CODE = YES;
				CLANG_WARN__DUPLICATE_METHOD_MATCH = YES;
				COPY_PHASE_STRIP = NO;
				DEBUG_INFORMATION_FORMAT = "dwarf-with-dsym";
				ENABLE_NS_ASSERTIONS = NO;
				ENABLE_STRICT_OBJC_MSGSEND = YES;
				GCC_C_LANGUAGE_STANDARD = gnu11;
				GCC_NO_COMMON_BLOCKS = YES;
				GCC_WARN_64_TO_32_BIT_CONVERSION = YES;
				GCC_WARN_ABOUT_RETURN_TYPE = YES_ERROR;
				GCC_WARN_UNDECLARED_SELECTOR = YES;
				GCC_WARN_UNINITIALIZED_AUTOS = YES_AGGRESSIVE;
				GCC_WARN_UNUSED_FUNCTION = YES;
				GCC_WARN_UNUSED_VARIABLE = YES;
				IPHONEOS_DEPLOYMENT_TARGET = 13.2;
				MTL_ENABLE_DEBUG_INFO = NO;
				MTL_FAST_MATH = YES;
				SDKROOT = iphoneos;
				SWIFT_COMPILATION_MODE = wholemodule;
				SWIFT_OPTIMIZATION_LEVEL = "-O";
				VALIDATE_PRODUCT = YES;
			};
			name = Release;
		};
		85B66B8923A3FE2700A7AF40 /* Debug */ = {
			isa = XCBuildConfiguration;
			baseConfigurationReference = 308D21D47F20C008BD57E075 /* Pods-AnimationView.debug.xcconfig */;
			buildSettings = {
				ASSETCATALOG_COMPILER_APPICON_NAME = AppIcon;
				CODE_SIGN_STYLE = Automatic;
				INFOPLIST_FILE = AnimationView/SupportingFiles/Info.plist;
				LD_RUNPATH_SEARCH_PATHS = (
					"$(inherited)",
					"@executable_path/Frameworks",
				);
				PRODUCT_BUNDLE_IDENTIFIER = ru.SwiftBook.AnimationView;
				PRODUCT_NAME = "$(TARGET_NAME)";
				SWIFT_VERSION = 5.0;
				TARGETED_DEVICE_FAMILY = "1,2";
			};
			name = Debug;
		};
		85B66B8A23A3FE2700A7AF40 /* Release */ = {
			isa = XCBuildConfiguration;
			baseConfigurationReference = 2AEC0A00B8E3E976296F650C /* Pods-AnimationView.release.xcconfig */;
			buildSettings = {
				ASSETCATALOG_COMPILER_APPICON_NAME = AppIcon;
				CODE_SIGN_STYLE = Automatic;
				INFOPLIST_FILE = AnimationView/SupportingFiles/Info.plist;
				LD_RUNPATH_SEARCH_PATHS = (
					"$(inherited)",
					"@executable_path/Frameworks",
				);
				PRODUCT_BUNDLE_IDENTIFIER = ru.SwiftBook.AnimationView;
				PRODUCT_NAME = "$(TARGET_NAME)";
				SWIFT_VERSION = 5.0;
				TARGETED_DEVICE_FAMILY = "1,2";
			};
			name = Release;
		};
/* End XCBuildConfiguration section */

/* Begin XCConfigurationList section */
		85B66B6F23A3FE2600A7AF40 /* Build configuration list for PBXProject "AnimationView" */ = {
			isa = XCConfigurationList;
			buildConfigurations = (
				85B66B8623A3FE2700A7AF40 /* Debug */,
				85B66B8723A3FE2700A7AF40 /* Release */,
			);
			defaultConfigurationIsVisible = 0;
			defaultConfigurationName = Release;
		};
		85B66B8823A3FE2700A7AF40 /* Build configuration list for PBXNativeTarget "AnimationView" */ = {
			isa = XCConfigurationList;
			buildConfigurations = (
				85B66B8923A3FE2700A7AF40 /* Debug */,
				85B66B8A23A3FE2700A7AF40 /* Release */,
			);
			defaultConfigurationIsVisible = 0;
			defaultConfigurationName = Release;
		};
/* End XCConfigurationList section */
	};
	rootObject = 85B66B6C23A3FE2600A7AF40 /* Project object */;
}
